
Microsoft Visual Studio Solution File, Format Version 12.00
# Visual Studio Version 17
VisualStudioVersion = 17.5.002.0
MinimumVisualStudioVersion = 10.0.40219.1
Project("{9A19103F-16F7-4668-BE54-9A1E7A4F7556}") = "Sharp", "Sharp.csproj", "{78462692-7ED2-47D7-AC20-99C511CB5D49}"
EndProject
Global
	GlobalSection(SolutionConfigurationPlatforms) = preSolution
		Debug|Any CPU = Debug|Any CPU
		Release|Any CPU = Release|Any CPU
	EndGlobalSection
	GlobalSection(ProjectConfigurationPlatforms) = postSolution
		{78462692-7ED2-47D7-AC20-99C511CB5D49}.Debug|Any CPU.ActiveCfg = Debug|Any CPU
		{78462692-7ED2-47D7-AC20-99C511CB5D49}.Debug|Any CPU.Build.0 = Debug|Any CPU
		{78462692-7ED2-47D7-AC20-99C511CB5D49}.Release|Any CPU.ActiveCfg = Release|Any CPU
		{78462692-7ED2-47D7-AC20-99C511CB5D49}.Release|Any CPU.Build.0 = Release|Any CPU
	EndGlobalSection
	GlobalSection(SolutionProperties) = preSolution
		HideSolutionNode = FALSE
	EndGlobalSection
	GlobalSection(ExtensibilityGlobals) = postSolution
		SolutionGuid = {E07FE07F-0D38-43E8-8D8F-C2D87D00653E}
	EndGlobalSection
EndGlobal
